
Microsoft Visual Studio Solution File, Format Version 12.00
# Visual Studio 15
VisualStudioVersion = 15.0.27004.2005
MinimumVisualStudioVersion = 10.0.40219.1
Project("{8BC9CEB8-8B4A-11D0-8D11-00A0C91BC942}") = "Codeforces443D", "Codeforces443D\Codeforces443D.vcxproj", "{7B47A510-CACB-433C-B63D-8B0372103710}"
EndProject
Global
	GlobalSection(SolutionConfigurationPlatforms) = preSolution
		Debug|x64 = Debug|x64
		Debug|x86 = Debug|x86
		Release|x64 = Release|x64
		Release|x86 = Release|x86
	EndGlobalSection
	GlobalSection(ProjectConfigurationPlatforms) = postSolution
		{7B47A510-CACB-433C-B63D-8B0372103710}.Debug|x64.ActiveCfg = Debug|x64
		{7B47A510-CACB-433C-B63D-8B0372103710}.Debug|x64.Build.0 = Debug|x64
		{7B47A510-CACB-433C-B63D-8B0372103710}.Debug|x86.ActiveCfg = Debug|Win32
		{7B47A510-CACB-433C-B63D-8B0372103710}.Debug|x86.Build.0 = Debug|Win32
		{7B47A510-CACB-433C-B63D-8B0372103710}.Release|x64.ActiveCfg = Release|x64
		{7B47A510-CACB-433C-B63D-8B0372103710}.Release|x64.Build.0 = Release|x64
		{7B47A510-CACB-433C-B63D-8B0372103710}.Release|x86.ActiveCfg = Release|Win32
		{7B47A510-CACB-433C-B63D-8B0372103710}.Release|x86.Build.0 = Release|Win32
	EndGlobalSection
	GlobalSection(SolutionProperties) = preSolution
		HideSolutionNode = FALSE
	EndGlobalSection
	GlobalSection(ExtensibilityGlobals) = postSolution
		SolutionGuid = {2CD8CA2F-15BA-43FD-9C30-442F4C6162EC}
	EndGlobalSection
EndGlobal
