
Microsoft Visual Studio Solution File, Format Version 12.00
# Visual Studio 15
VisualStudioVersion = 15.0.27004.2005
MinimumVisualStudioVersion = 10.0.40219.1
Project("{8BC9CEB8-8B4A-11D0-8D11-00A0C91BC942}") = "Codeforces443B", "Codeforces443B\Codeforces443B.vcxproj", "{F48B5F2D-2FC1-4251-97EC-7F2D67917AA5}"
EndProject
Global
	GlobalSection(SolutionConfigurationPlatforms) = preSolution
		Debug|x64 = Debug|x64
		Debug|x86 = Debug|x86
		Release|x64 = Release|x64
		Release|x86 = Release|x86
	EndGlobalSection
	GlobalSection(ProjectConfigurationPlatforms) = postSolution
		{F48B5F2D-2FC1-4251-97EC-7F2D67917AA5}.Debug|x64.ActiveCfg = Debug|x64
		{F48B5F2D-2FC1-4251-97EC-7F2D67917AA5}.Debug|x64.Build.0 = Debug|x64
		{F48B5F2D-2FC1-4251-97EC-7F2D67917AA5}.Debug|x86.ActiveCfg = Debug|Win32
		{F48B5F2D-2FC1-4251-97EC-7F2D67917AA5}.Debug|x86.Build.0 = Debug|Win32
		{F48B5F2D-2FC1-4251-97EC-7F2D67917AA5}.Release|x64.ActiveCfg = Release|x64
		{F48B5F2D-2FC1-4251-97EC-7F2D67917AA5}.Release|x64.Build.0 = Release|x64
		{F48B5F2D-2FC1-4251-97EC-7F2D67917AA5}.Release|x86.ActiveCfg = Release|Win32
		{F48B5F2D-2FC1-4251-97EC-7F2D67917AA5}.Release|x86.Build.0 = Release|Win32
	EndGlobalSection
	GlobalSection(SolutionProperties) = preSolution
		HideSolutionNode = FALSE
	EndGlobalSection
	GlobalSection(ExtensibilityGlobals) = postSolution
		SolutionGuid = {155A9AAA-8962-4602-B214-DD6259AC1B96}
	EndGlobalSection
EndGlobal
