
Microsoft Visual Studio Solution File, Format Version 12.00
# Visual Studio 15
VisualStudioVersion = 15.0.27004.2005
MinimumVisualStudioVersion = 10.0.40219.1
Project("{8BC9CEB8-8B4A-11D0-8D11-00A0C91BC942}") = "Codeforces443A", "Codeforces443A\Codeforces443A.vcxproj", "{6A89EBDA-41B1-4283-B947-66F1F15BEF0C}"
EndProject
Global
	GlobalSection(SolutionConfigurationPlatforms) = preSolution
		Debug|x64 = Debug|x64
		Debug|x86 = Debug|x86
		Release|x64 = Release|x64
		Release|x86 = Release|x86
	EndGlobalSection
	GlobalSection(ProjectConfigurationPlatforms) = postSolution
		{6A89EBDA-41B1-4283-B947-66F1F15BEF0C}.Debug|x64.ActiveCfg = Debug|x64
		{6A89EBDA-41B1-4283-B947-66F1F15BEF0C}.Debug|x64.Build.0 = Debug|x64
		{6A89EBDA-41B1-4283-B947-66F1F15BEF0C}.Debug|x86.ActiveCfg = Debug|Win32
		{6A89EBDA-41B1-4283-B947-66F1F15BEF0C}.Debug|x86.Build.0 = Debug|Win32
		{6A89EBDA-41B1-4283-B947-66F1F15BEF0C}.Release|x64.ActiveCfg = Release|x64
		{6A89EBDA-41B1-4283-B947-66F1F15BEF0C}.Release|x64.Build.0 = Release|x64
		{6A89EBDA-41B1-4283-B947-66F1F15BEF0C}.Release|x86.ActiveCfg = Release|Win32
		{6A89EBDA-41B1-4283-B947-66F1F15BEF0C}.Release|x86.Build.0 = Release|Win32
	EndGlobalSection
	GlobalSection(SolutionProperties) = preSolution
		HideSolutionNode = FALSE
	EndGlobalSection
	GlobalSection(ExtensibilityGlobals) = postSolution
		SolutionGuid = {D9FC510C-7B23-41A2-BFC2-2A3AAE0B731C}
	EndGlobalSection
EndGlobal
